
Microsoft Visual Studio Solution File, Format Version 12.00
# Visual Studio Version 17
VisualStudioVersion = 17.2.32630.192
MinimumVisualStudioVersion = 10.0.40219.1
Project("{FAE04EC0-301F-11D3-BF4B-00C04F79EFBC}") = "ESOFT_STMS", "EsoftStudentManagementSystem\ESOFT_STMS.csproj", "{FD52E3D8-CFC1-4BD4-944E-FEFF92932F31}"
EndProject
Global
	GlobalSection(SolutionConfigurationPlatforms) = preSolution
		Debug|Any CPU = Debug|Any CPU
		Release|Any CPU = Release|Any CPU
	EndGlobalSection
	GlobalSection(ProjectConfigurationPlatforms) = postSolution
		{FD52E3D8-CFC1-4BD4-944E-FEFF92932F31}.Debug|Any CPU.ActiveCfg = Debug|Any CPU
		{FD52E3D8-CFC1-4BD4-944E-FEFF92932F31}.Debug|Any CPU.Build.0 = Debug|Any CPU
		{FD52E3D8-CFC1-4BD4-944E-FEFF92932F31}.Release|Any CPU.ActiveCfg = Release|Any CPU
		{FD52E3D8-CFC1-4BD4-944E-FEFF92932F31}.Release|Any CPU.Build.0 = Release|Any CPU
	EndGlobalSection
	GlobalSection(SolutionProperties) = preSolution
		HideSolutionNode = FALSE
	EndGlobalSection
	GlobalSection(ExtensibilityGlobals) = postSolution
		SolutionGuid = {E522791F-44A8-42D4-B137-E1FBFE82C720}
	EndGlobalSection
EndGlobal
